
Microsoft Visual Studio Solution File, Format Version 12.00
# Visual Studio 15
VisualStudioVersion = 15.0.26228.17
MinimumVisualStudioVersion = 10.0.40219.1
Project("{FAE04EC0-301F-11D3-BF4B-00C04F79EFBC}") = "10_Form", "10_Form\10_Form.csproj", "{4C964802-5F61-493F-B5A8-4A3E5D628613}"
EndProject
Global
	GlobalSection(SolutionConfigurationPlatforms) = preSolution
		Debug|Any CPU = Debug|Any CPU
		Release|Any CPU = Release|Any CPU
	EndGlobalSection
	GlobalSection(ProjectConfigurationPlatforms) = postSolution
		{4C964802-5F61-493F-B5A8-4A3E5D628613}.Debug|Any CPU.ActiveCfg = Debug|Any CPU
		{4C964802-5F61-493F-B5A8-4A3E5D628613}.Debug|Any CPU.Build.0 = Debug|Any CPU
		{4C964802-5F61-493F-B5A8-4A3E5D628613}.Release|Any CPU.ActiveCfg = Release|Any CPU
		{4C964802-5F61-493F-B5A8-4A3E5D628613}.Release|Any CPU.Build.0 = Release|Any CPU
	EndGlobalSection
	GlobalSection(SolutionProperties) = preSolution
		HideSolutionNode = FALSE
	EndGlobalSection
EndGlobal
